// !$*UTF8*$!
{
	archiveVersion = 1;
	classes = {
	};
	objectVersion = 48;
	objects = {

/* Begin PBXBuildFile section */
		4358E9901F2A0FED00DBA54E /* AppDelegate.swift in Sources */ = {isa = PBXBuildFile; fileRef = 4358E98F1F2A0FED00DBA54E /* AppDelegate.swift */; };
		4358E9921F2A0FED00DBA54E /* ViewController.swift in Sources */ = {isa = PBXBuildFile; fileRef = 4358E9911F2A0FED00DBA54E /* ViewController.swift */; };
		4358E9951F2A0FED00DBA54E /* Main.storyboard in Resources */ = {isa = PBXBuildFile; fileRef = 4358E9931F2A0FED00DBA54E /* Main.storyboard */; };
		4358E9981F2A0FED00DBA54E /* ProtocolOrientedRx.xcdatamodeld in Sources */ = {isa = PBXBuildFile; fileRef = 4358E9961F2A0FED00DBA54E /* ProtocolOrientedRx.xcdatamodeld */; };
		4358E99A1F2A0FED00DBA54E /* Assets.xcassets in Resources */ = {isa = PBXBuildFile; fileRef = 4358E9991F2A0FED00DBA54E /* Assets.xcassets */; };
		4358E99D1F2A0FED00DBA54E /* LaunchScreen.storyboard in Resources */ = {isa = PBXBuildFile; fileRef = 4358E99B1F2A0FED00DBA54E /* LaunchScreen.storyboard */; };
		4358E9A81F2A0FED00DBA54E /* ProtocolOrientedRxTests.swift in Sources */ = {isa = PBXBuildFile; fileRef = 4358E9A71F2A0FED00DBA54E /* ProtocolOrientedRxTests.swift */; };
		4358E9B31F2A0FED00DBA54E /* ProtocolOrientedRxUITests.swift in Sources */ = {isa = PBXBuildFile; fileRef = 4358E9B21F2A0FED00DBA54E /* ProtocolOrientedRxUITests.swift */; };
		709C99D3686CA54FEB3978F0 /* Pods_ProtocolOrientedRxUITests.framework in Frameworks */ = {isa = PBXBuildFile; fileRef = 065AA027CE92ADE0629C4B2A /* Pods_ProtocolOrientedRxUITests.framework */; };
		ED8D131AF283F1A064C79A2F /* Pods_ProtocolOrientedRx.framework in Frameworks */ = {isa = PBXBuildFile; fileRef = 3FD895CBC0E8E7B6EF6B8CAF /* Pods_ProtocolOrientedRx.framework */; };
		F5D36EF15599F5211C606908 /* Pods_ProtocolOrientedRxTests.framework in Frameworks */ = {isa = PBXBuildFile; fileRef = 79BB19237DE708749A9F7E7E /* Pods_ProtocolOrientedRxTests.framework */; };
/* End PBXBuildFile section */

/* Begin PBXContainerItemProxy section */
		4358E9A41F2A0FED00DBA54E /* PBXContainerItemProxy */ = {
			isa = PBXContainerItemProxy;
			containerPortal = 4358E9841F2A0FED00DBA54E /* Project object */;
			proxyType = 1;
			remoteGlobalIDString = 4358E98B1F2A0FED00DBA54E;
			remoteInfo = ProtocolOrientedRx;
		};
		4358E9AF1F2A0FED00DBA54E /* PBXContainerItemProxy */ = {
			isa = PBXContainerItemProxy;
			containerPortal = 4358E9841F2A0FED00DBA54E /* Project object */;
			proxyType = 1;
			remoteGlobalIDString = 4358E98B1F2A0FED00DBA54E;
			remoteInfo = ProtocolOrientedRx;
		};
/* End PBXContainerItemProxy section */

/* Begin PBXFileReference section */
		065AA027CE92ADE0629C4B2A /* Pods_ProtocolOrientedRxUITests.framework */ = {isa = PBXFileReference; explicitFileType = wrapper.framework; includeInIndex = 0; path = Pods_ProtocolOrientedRxUITests.framework; sourceTree = BUILT_PRODUCTS_DIR; };
		3FD895CBC0E8E7B6EF6B8CAF /* Pods_ProtocolOrientedRx.framework */ = {isa = PBXFileReference; explicitFileType = wrapper.framework; includeInIndex = 0; path = Pods_ProtocolOrientedRx.framework; sourceTree = BUILT_PRODUCTS_DIR; };
		4358E98C1F2A0FED00DBA54E /* ProtocolOrientedRx.app */ = {isa = PBXFileReference; explicitFileType = wrapper.application; includeInIndex = 0; path = ProtocolOrientedRx.app; sourceTree = BUILT_PRODUCTS_DIR; };
		4358E98F1F2A0FED00DBA54E /* AppDelegate.swift */ = {isa = PBXFileReference; lastKnownFileType = sourcecode.swift; path = AppDelegate.swift; sourceTree = "<group>"; };
		4358E9911F2A0FED00DBA54E /* ViewController.swift */ = {isa = PBXFileReference; lastKnownFileType = sourcecode.swift; path = ViewController.swift; sourceTree = "<group>"; };
		4358E9941F2A0FED00DBA54E /* Base */ = {isa = PBXFileReference; lastKnownFileType = file.storyboard; name = Base; path = Base.lproj/Main.storyboard; sourceTree = "<group>"; };
		4358E9971F2A0FED00DBA54E /* ProtocolOrientedRx.xcdatamodel */ = {isa = PBXFileReference; lastKnownFileType = wrapper.xcdatamodel; path = ProtocolOrientedRx.xcdatamodel; sourceTree = "<group>"; };
		4358E9991F2A0FED00DBA54E /* Assets.xcassets */ = {isa = PBXFileReference; lastKnownFileType = folder.assetcatalog; path = Assets.xcassets; sourceTree = "<group>"; };
		4358E99C1F2A0FED00DBA54E /* Base */ = {isa = PBXFileReference; lastKnownFileType = file.storyboard; name = Base; path = Base.lproj/LaunchScreen.storyboard; sourceTree = "<group>"; };
		4358E99E1F2A0FED00DBA54E /* Info.plist */ = {isa = PBXFileReference; lastKnownFileType = text.plist.xml; path = Info.plist; sourceTree = "<group>"; };
		4358E9A31F2A0FED00DBA54E /* ProtocolOrientedRxTests.xctest */ = {isa = PBXFileReference; explicitFileType = wrapper.cfbundle; includeInIndex = 0; path = ProtocolOrientedRxTests.xctest; sourceTree = BUILT_PRODUCTS_DIR; };
		4358E9A71F2A0FED00DBA54E /* ProtocolOrientedRxTests.swift */ = {isa = PBXFileReference; lastKnownFileType = sourcecode.swift; path = ProtocolOrientedRxTests.swift; sourceTree = "<group>"; };
		4358E9A91F2A0FED00DBA54E /* Info.plist */ = {isa = PBXFileReference; lastKnownFileType = text.plist.xml; path = Info.plist; sourceTree = "<group>"; };
		4358E9AE1F2A0FED00DBA54E /* ProtocolOrientedRxUITests.xctest */ = {isa = PBXFileReference; explicitFileType = wrapper.cfbundle; includeInIndex = 0; path = ProtocolOrientedRxUITests.xctest; sourceTree = BUILT_PRODUCTS_DIR; };
		4358E9B21F2A0FED00DBA54E /* ProtocolOrientedRxUITests.swift */ = {isa = PBXFileReference; lastKnownFileType = sourcecode.swift; path = ProtocolOrientedRxUITests.swift; sourceTree = "<group>"; };
		4358E9B41F2A0FED00DBA54E /* Info.plist */ = {isa = PBXFileReference; lastKnownFileType = text.plist.xml; path = Info.plist; sourceTree = "<group>"; };
		6015787CEF6392225907B905 /* Pods-ProtocolOrientedRx.debug.xcconfig */ = {isa = PBXFileReference; includeInIndex = 1; lastKnownFileType = text.xcconfig; name = "Pods-ProtocolOrientedRx.debug.xcconfig"; path = "Pods/Target Support Files/Pods-ProtocolOrientedRx/Pods-ProtocolOrientedRx.debug.xcconfig"; sourceTree = "<group>"; };
		619C07B7570C4660C9F66CD2 /* Pods-ProtocolOrientedRxUITests.release.xcconfig */ = {isa = PBXFileReference; includeInIndex = 1; lastKnownFileType = text.xcconfig; name = "Pods-ProtocolOrientedRxUITests.release.xcconfig"; path = "Pods/Target Support Files/Pods-ProtocolOrientedRxUITests/Pods-ProtocolOrientedRxUITests.release.xcconfig"; sourceTree = "<group>"; };
		6B4EE5927A743BBB55311624 /* Pods-ProtocolOrientedRxUITests.debug.xcconfig */ = {isa = PBXFileReference; includeInIndex = 1; lastKnownFileType = text.xcconfig; name = "Pods-ProtocolOrientedRxUITests.debug.xcconfig"; path = "Pods/Target Support Files/Pods-ProtocolOrientedRxUITests/Pods-ProtocolOrientedRxUITests.debug.xcconfig"; sourceTree = "<group>"; };
		79BB19237DE708749A9F7E7E /* Pods_ProtocolOrientedRxTests.framework */ = {isa = PBXFileReference; explicitFileType = wrapper.framework; includeInIndex = 0; path = Pods_ProtocolOrientedRxTests.framework; sourceTree = BUILT_PRODUCTS_DIR; };
		817358AA758C7D4DCEAA10DB /* Pods-ProtocolOrientedRxTests.debug.xcconfig */ = {isa = PBXFileReference; includeInIndex = 1; lastKnownFileType = text.xcconfig; name = "Pods-ProtocolOrientedRxTests.debug.xcconfig"; path = "Pods/Target Support Files/Pods-ProtocolOrientedRxTests/Pods-ProtocolOrientedRxTests.debug.xcconfig"; sourceTree = "<group>"; };
		88218D08DBCFA2D679BAC5E0 /* Pods-ProtocolOrientedRxTests.release.xcconfig */ = {isa = PBXFileReference; includeInIndex = 1; lastKnownFileType = text.xcconfig; name = "Pods-ProtocolOrientedRxTests.release.xcconfig"; path = "Pods/Target Support Files/Pods-ProtocolOrientedRxTests/Pods-ProtocolOrientedRxTests.release.xcconfig"; sourceTree = "<group>"; };
		E7C4F5A1A7EE2A2214FC0062 /* Pods-ProtocolOrientedRx.release.xcconfig */ = {isa = PBXFileReference; includeInIndex = 1; lastKnownFileType = text.xcconfig; name = "Pods-ProtocolOrientedRx.release.xcconfig"; path = "Pods/Target Support Files/Pods-ProtocolOrientedRx/Pods-ProtocolOrientedRx.release.xcconfig"; sourceTree = "<group>"; };
/* End PBXFileReference section */

/* Begin PBXFrameworksBuildPhase section */
		4358E9891F2A0FED00DBA54E /* Frameworks */ = {
			isa = PBXFrameworksBuildPhase;
			buildActionMask = 2147483647;
			files = (
				ED8D131AF283F1A064C79A2F /* Pods_ProtocolOrientedRx.framework in Frameworks */,
			);
			runOnlyForDeploymentPostprocessing = 0;
		};
		4358E9A01F2A0FED00DBA54E /* Frameworks */ = {
			isa = PBXFrameworksBuildPhase;
			buildActionMask = 2147483647;
			files = (
				F5D36EF15599F5211C606908 /* Pods_ProtocolOrientedRxTests.framework in Frameworks */,
			);
			runOnlyForDeploymentPostprocessing = 0;
		};
		4358E9AB1F2A0FED00DBA54E /* Frameworks */ = {
			isa = PBXFrameworksBuildPhase;
			buildActionMask = 2147483647;
			files = (
				709C99D3686CA54FEB3978F0 /* Pods_ProtocolOrientedRxUITests.framework in Frameworks */,
			);
			runOnlyForDeploymentPostprocessing = 0;
		};
/* End PBXFrameworksBuildPhase section */

/* Begin PBXGroup section */
		4358E9831F2A0FED00DBA54E = {
			isa = PBXGroup;
			children = (
				4358E98E1F2A0FED00DBA54E /* ProtocolOrientedRx */,
				4358E9A61F2A0FED00DBA54E /* ProtocolOrientedRxTests */,
				4358E9B11F2A0FED00DBA54E /* ProtocolOrientedRxUITests */,
				4358E98D1F2A0FED00DBA54E /* Products */,
				7428D4546173508F102B08D8 /* Pods */,
				B3F34E8038707F76B9A48615 /* Frameworks */,
			);
			sourceTree = "<group>";
		};
		4358E98D1F2A0FED00DBA54E /* Products */ = {
			isa = PBXGroup;
			children = (
				4358E98C1F2A0FED00DBA54E /* ProtocolOrientedRx.app */,
				4358E9A31F2A0FED00DBA54E /* ProtocolOrientedRxTests.xctest */,
				4358E9AE1F2A0FED00DBA54E /* ProtocolOrientedRxUITests.xctest */,
			);
			name = Products;
			sourceTree = "<group>";
		};
		4358E98E1F2A0FED00DBA54E /* ProtocolOrientedRx */ = {
			isa = PBXGroup;
			children = (
				4358E98F1F2A0FED00DBA54E /* AppDelegate.swift */,
				4358E9911F2A0FED00DBA54E /* ViewController.swift */,
				4358E9931F2A0FED00DBA54E /* Main.storyboard */,
				4358E9991F2A0FED00DBA54E /* Assets.xcassets */,
				4358E99B1F2A0FED00DBA54E /* LaunchScreen.storyboard */,
				4358E99E1F2A0FED00DBA54E /* Info.plist */,
				4358E9961F2A0FED00DBA54E /* ProtocolOrientedRx.xcdatamodeld */,
			);
			path = ProtocolOrientedRx;
			sourceTree = "<group>";
		};
		4358E9A61F2A0FED00DBA54E /* ProtocolOrientedRxTests */ = {
			isa = PBXGroup;
			children = (
				4358E9A71F2A0FED00DBA54E /* ProtocolOrientedRxTests.swift */,
				4358E9A91F2A0FED00DBA54E /* Info.plist */,
			);
			path = ProtocolOrientedRxTests;
			sourceTree = "<group>";
		};
		4358E9B11F2A0FED00DBA54E /* ProtocolOrientedRxUITests */ = {
			isa = PBXGroup;
			children = (
				4358E9B21F2A0FED00DBA54E /* ProtocolOrientedRxUITests.swift */,
				4358E9B41F2A0FED00DBA54E /* Info.plist */,
			);
			path = ProtocolOrientedRxUITests;
			sourceTree = "<group>";
		};
		7428D4546173508F102B08D8 /* Pods */ = {
			isa = PBXGroup;
			children = (
				6015787CEF6392225907B905 /* Pods-ProtocolOrientedRx.debug.xcconfig */,
				E7C4F5A1A7EE2A2214FC0062 /* Pods-ProtocolOrientedRx.release.xcconfig */,
				817358AA758C7D4DCEAA10DB /* Pods-ProtocolOrientedRxTests.debug.xcconfig */,
				88218D08DBCFA2D679BAC5E0 /* Pods-ProtocolOrientedRxTests.release.xcconfig */,
				6B4EE5927A743BBB55311624 /* Pods-ProtocolOrientedRxUITests.debug.xcconfig */,
				619C07B7570C4660C9F66CD2 /* Pods-ProtocolOrientedRxUITests.release.xcconfig */,
			);
			name = Pods;
			sourceTree = "<group>";
		};
		B3F34E8038707F76B9A48615 /* Frameworks */ = {
			isa = PBXGroup;
			children = (
				3FD895CBC0E8E7B6EF6B8CAF /* Pods_ProtocolOrientedRx.framework */,
				79BB19237DE708749A9F7E7E /* Pods_ProtocolOrientedRxTests.framework */,
				065AA027CE92ADE0629C4B2A /* Pods_ProtocolOrientedRxUITests.framework */,
			);
			name = Frameworks;
			sourceTree = "<group>";
		};
/* End PBXGroup section */

/* Begin PBXNativeTarget section */
		4358E98B1F2A0FED00DBA54E /* ProtocolOrientedRx */ = {
			isa = PBXNativeTarget;
			buildConfigurationList = 4358E9B71F2A0FED00DBA54E /* Build configuration list for PBXNativeTarget "ProtocolOrientedRx" */;
			buildPhases = (
				58A15AB159B9571ABE7B937B /* [CP] Check Pods Manifest.lock */,
				4358E9881F2A0FED00DBA54E /* Sources */,
				4358E9891F2A0FED00DBA54E /* Frameworks */,
				4358E98A1F2A0FED00DBA54E /* Resources */,
				CF233E4109965743471235E9 /* [CP] Embed Pods Frameworks */,
				BF29131E74CE5D4B81991BAB /* [CP] Copy Pods Resources */,
			);
			buildRules = (
			);
			dependencies = (
			);
			name = ProtocolOrientedRx;
			productName = ProtocolOrientedRx;
			productReference = 4358E98C1F2A0FED00DBA54E /* ProtocolOrientedRx.app */;
			productType = "com.apple.product-type.application";
		};
		4358E9A21F2A0FED00DBA54E /* ProtocolOrientedRxTests */ = {
			isa = PBXNativeTarget;
			buildConfigurationList = 4358E9BA1F2A0FED00DBA54E /* Build configuration list for PBXNativeTarget "ProtocolOrientedRxTests" */;
			buildPhases = (
				B9726F06E1B877990F3FB9F3 /* [CP] Check Pods Manifest.lock */,
				4358E99F1F2A0FED00DBA54E /* Sources */,
				4358E9A01F2A0FED00DBA54E /* Frameworks */,
				4358E9A11F2A0FED00DBA54E /* Resources */,
				02254AED6D78BE989176E95E /* [CP] Embed Pods Frameworks */,
				A79146F63D28CC6FDB6F3815 /* [CP] Copy Pods Resources */,
			);
			buildRules = (
			);
			dependencies = (
				4358E9A51F2A0FED00DBA54E /* PBXTargetDependency */,
			);
			name = ProtocolOrientedRxTests;
			productName = ProtocolOrientedRxTests;
			productReference = 4358E9A31F2A0FED00DBA54E /* ProtocolOrientedRxTests.xctest */;
			productType = "com.apple.product-type.bundle.unit-test";
		};
		4358E9AD1F2A0FED00DBA54E /* ProtocolOrientedRxUITests */ = {
			isa = PBXNativeTarget;
			buildConfigurationList = 4358E9BD1F2A0FED00DBA54E /* Build configuration list for PBXNativeTarget "ProtocolOrientedRxUITests" */;
			buildPhases = (
				76878EC32511A0293C786ED9 /* [CP] Check Pods Manifest.lock */,
				4358E9AA1F2A0FED00DBA54E /* Sources */,
				4358E9AB1F2A0FED00DBA54E /* Frameworks */,
				4358E9AC1F2A0FED00DBA54E /* Resources */,
				A51B83FDB622B419061489D7 /* [CP] Embed Pods Frameworks */,
				850C733356C135F2ADAF13F5 /* [CP] Copy Pods Resources */,
			);
			buildRules = (
			);
			dependencies = (
				4358E9B01F2A0FED00DBA54E /* PBXTargetDependency */,
			);
			name = ProtocolOrientedRxUITests;
			productName = ProtocolOrientedRxUITests;
			productReference = 4358E9AE1F2A0FED00DBA54E /* ProtocolOrientedRxUITests.xctest */;
			productType = "com.apple.product-type.bundle.ui-testing";
		};
/* End PBXNativeTarget section */

/* Begin PBXProject section */
		4358E9841F2A0FED00DBA54E /* Project object */ = {
			isa = PBXProject;
			attributes = {
				LastSwiftUpdateCheck = 0900;
				LastUpgradeCheck = 0900;
				ORGANIZATIONNAME = Eryk;
				TargetAttributes = {
					4358E98B1F2A0FED00DBA54E = {
						CreatedOnToolsVersion = 9.0;
						ProvisioningStyle = Manual;
					};
					4358E9A21F2A0FED00DBA54E = {
						CreatedOnToolsVersion = 9.0;
						TestTargetID = 4358E98B1F2A0FED00DBA54E;
					};
					4358E9AD1F2A0FED00DBA54E = {
						CreatedOnToolsVersion = 9.0;
						TestTargetID = 4358E98B1F2A0FED00DBA54E;
					};
				};
			};
			buildConfigurationList = 4358E9871F2A0FED00DBA54E /* Build configuration list for PBXProject "ProtocolOrientedRx" */;
			compatibilityVersion = "Xcode 8.0";
			developmentRegion = en;
			hasScannedForEncodings = 0;
			knownRegions = (
				en,
				Base,
			);
			mainGroup = 4358E9831F2A0FED00DBA54E;
			productRefGroup = 4358E98D1F2A0FED00DBA54E /* Products */;
			projectDirPath = "";
			projectRoot = "";
			targets = (
				4358E98B1F2A0FED00DBA54E /* ProtocolOrientedRx */,
				4358E9A21F2A0FED00DBA54E /* ProtocolOrientedRxTests */,
				4358E9AD1F2A0FED00DBA54E /* ProtocolOrientedRxUITests */,
			);
		};
/* End PBXProject section */

/* Begin PBXResourcesBuildPhase section */
		4358E98A1F2A0FED00DBA54E /* Resources */ = {
			isa = PBXResourcesBuildPhase;
			buildActionMask = 2147483647;
			files = (
				4358E99D1F2A0FED00DBA54E /* LaunchScreen.storyboard in Resources */,
				4358E99A1F2A0FED00DBA54E /* Assets.xcassets in Resources */,
				4358E9951F2A0FED00DBA54E /* Main.storyboard in Resources */,
			);
			runOnlyForDeploymentPostprocessing = 0;
		};
		4358E9A11F2A0FED00DBA54E /* Resources */ = {
			isa = PBXResourcesBuildPhase;
			buildActionMask = 2147483647;
			files = (
			);
			runOnlyForDeploymentPostprocessing = 0;
		};
		4358E9AC1F2A0FED00DBA54E /* Resources */ = {
			isa = PBXResourcesBuildPhase;
			buildActionMask = 2147483647;
			files = (
			);
			runOnlyForDeploymentPostprocessing = 0;
		};
/* End PBXResourcesBuildPhase section */

/* Begin PBXShellScriptBuildPhase section */
		02254AED6D78BE989176E95E /* [CP] Embed Pods Frameworks */ = {
			isa = PBXShellScriptBuildPhase;
			buildActionMask = 2147483647;
			files = (
			);
			inputPaths = (
			);
			name = "[CP] Embed Pods Frameworks";
			outputPaths = (
			);
			runOnlyForDeploymentPostprocessing = 0;
			shellPath = /bin/sh;
			shellScript = "\"${SRCROOT}/Pods/Target Support Files/Pods-ProtocolOrientedRxTests/Pods-ProtocolOrientedRxTests-frameworks.sh\"\n";
			showEnvVarsInLog = 0;
		};
		58A15AB159B9571ABE7B937B /* [CP] Check Pods Manifest.lock */ = {
			isa = PBXShellScriptBuildPhase;
			buildActionMask = 2147483647;
			files = (
			);
			inputPaths = (
			);
			name = "[CP] Check Pods Manifest.lock";
			outputPaths = (
			);
			runOnlyForDeploymentPostprocessing = 0;
			shellPath = /bin/sh;
			shellScript = "diff \"${PODS_PODFILE_DIR_PATH}/Podfile.lock\" \"${PODS_ROOT}/Manifest.lock\" > /dev/null\nif [ $? != 0 ] ; then\n    # print error to STDERR\n    echo \"error: The sandbox is not in sync with the Podfile.lock. Run 'pod install' or update your CocoaPods installation.\" >&2\n    exit 1\nfi\n";
			showEnvVarsInLog = 0;
		};
		76878EC32511A0293C786ED9 /* [CP] Check Pods Manifest.lock */ = {
			isa = PBXShellScriptBuildPhase;
			buildActionMask = 2147483647;
			files = (
			);
			inputPaths = (
			);
			name = "[CP] Check Pods Manifest.lock";
			outputPaths = (
			);
			runOnlyForDeploymentPostprocessing = 0;
			shellPath = /bin/sh;
			shellScript = "diff \"${PODS_PODFILE_DIR_PATH}/Podfile.lock\" \"${PODS_ROOT}/Manifest.lock\" > /dev/null\nif [ $? != 0 ] ; then\n    # print error to STDERR\n    echo \"error: The sandbox is not in sync with the Podfile.lock. Run 'pod install' or update your CocoaPods installation.\" >&2\n    exit 1\nfi\n";
			showEnvVarsInLog = 0;
		};
		850C733356C135F2ADAF13F5 /* [CP] Copy Pods Resources */ = {
			isa = PBXShellScriptBuildPhase;
			buildActionMask = 2147483647;
			files = (
			);
			inputPaths = (
			);
			name = "[CP] Copy Pods Resources";
			outputPaths = (
			);
			runOnlyForDeploymentPostprocessing = 0;
			shellPath = /bin/sh;
			shellScript = "\"${SRCROOT}/Pods/Target Support Files/Pods-ProtocolOrientedRxUITests/Pods-ProtocolOrientedRxUITests-resources.sh\"\n";
			showEnvVarsInLog = 0;
		};
		A51B83FDB622B419061489D7 /* [CP] Embed Pods Frameworks */ = {
			isa = PBXShellScriptBuildPhase;
			buildActionMask = 2147483647;
			files = (
			);
			inputPaths = (
			);
			name = "[CP] Embed Pods Frameworks";
			outputPaths = (
			);
			runOnlyForDeploymentPostprocessing = 0;
			shellPath = /bin/sh;
			shellScript = "\"${SRCROOT}/Pods/Target Support Files/Pods-ProtocolOrientedRxUITests/Pods-ProtocolOrientedRxUITests-frameworks.sh\"\n";
			showEnvVarsInLog = 0;
		};
		A79146F63D28CC6FDB6F3815 /* [CP] Copy Pods Resources */ = {
			isa = PBXShellScriptBuildPhase;
			buildActionMask = 2147483647;
			files = (
			);
			inputPaths = (
			);
			name = "[CP] Copy Pods Resources";
			outputPaths = (
			);
			runOnlyForDeploymentPostprocessing = 0;
			shellPath = /bin/sh;
			shellScript = "\"${SRCROOT}/Pods/Target Support Files/Pods-ProtocolOrientedRxTests/Pods-ProtocolOrientedRxTests-resources.sh\"\n";
			showEnvVarsInLog = 0;
		};
		B9726F06E1B877990F3FB9F3 /* [CP] Check Pods Manifest.lock */ = {
			isa = PBXShellScriptBuildPhase;
			buildActionMask = 2147483647;
			files = (
			);
			inputPaths = (
			);
			name = "[CP] Check Pods Manifest.lock";
			outputPaths = (
			);
			runOnlyForDeploymentPostprocessing = 0;
			shellPath = /bin/sh;
			shellScript = "diff \"${PODS_PODFILE_DIR_PATH}/Podfile.lock\" \"${PODS_ROOT}/Manifest.lock\" > /dev/null\nif [ $? != 0 ] ; then\n    # print error to STDERR\n    echo \"error: The sandbox is not in sync with the Podfile.lock. Run 'pod install' or update your CocoaPods installation.\" >&2\n    exit 1\nfi\n";
			showEnvVarsInLog = 0;
		};
		BF29131E74CE5D4B81991BAB /* [CP] Copy Pods Resources */ = {
			isa = PBXShellScriptBuildPhase;
			buildActionMask = 2147483647;
			files = (
			);
			inputPaths = (
			);
			name = "[CP] Copy Pods Resources";
			outputPaths = (
			);
			runOnlyForDeploymentPostprocessing = 0;
			shellPath = /bin/sh;
			shellScript = "\"${SRCROOT}/Pods/Target Support Files/Pods-ProtocolOrientedRx/Pods-ProtocolOrientedRx-resources.sh\"\n";
			showEnvVarsInLog = 0;
		};
		CF233E4109965743471235E9 /* [CP] Embed Pods Frameworks */ = {
			isa = PBXShellScriptBuildPhase;
			buildActionMask = 2147483647;
			files = (
			);
			inputPaths = (
			);
			name = "[CP] Embed Pods Frameworks";
			outputPaths = (
			);
			runOnlyForDeploymentPostprocessing = 0;
			shellPath = /bin/sh;
			shellScript = "\"${SRCROOT}/Pods/Target Support Files/Pods-ProtocolOrientedRx/Pods-ProtocolOrientedRx-frameworks.sh\"\n";
			showEnvVarsInLog = 0;
		};
/* End PBXShellScriptBuildPhase section */

/* Begin PBXSourcesBuildPhase section */
		4358E9881F2A0FED00DBA54E /* Sources */ = {
			isa = PBXSourcesBuildPhase;
			buildActionMask = 2147483647;
			files = (
				4358E9921F2A0FED00DBA54E /* ViewController.swift in Sources */,
				4358E9901F2A0FED00DBA54E /* AppDelegate.swift in Sources */,
				4358E9981F2A0FED00DBA54E /* ProtocolOrientedRx.xcdatamodeld in Sources */,
			);
			runOnlyForDeploymentPostprocessing = 0;
		};
		4358E99F1F2A0FED00DBA54E /* Sources */ = {
			isa = PBXSourcesBuildPhase;
			buildActionMask = 2147483647;
			files = (
				4358E9A81F2A0FED00DBA54E /* ProtocolOrientedRxTests.swift in Sources */,
			);
			runOnlyForDeploymentPostprocessing = 0;
		};
		4358E9AA1F2A0FED00DBA54E /* Sources */ = {
			isa = PBXSourcesBuildPhase;
			buildActionMask = 2147483647;
			files = (
				4358E9B31F2A0FED00DBA54E /* ProtocolOrientedRxUITests.swift in Sources */,
			);
			runOnlyForDeploymentPostprocessing = 0;
		};
/* End PBXSourcesBuildPhase section */

/* Begin PBXTargetDependency section */
		4358E9A51F2A0FED00DBA54E /* PBXTargetDependency */ = {
			isa = PBXTargetDependency;
			target = 4358E98B1F2A0FED00DBA54E /* ProtocolOrientedRx */;
			targetProxy = 4358E9A41F2A0FED00DBA54E /* PBXContainerItemProxy */;
		};
		4358E9B01F2A0FED00DBA54E /* PBXTargetDependency */ = {
			isa = PBXTargetDependency;
			target = 4358E98B1F2A0FED00DBA54E /* ProtocolOrientedRx */;
			targetProxy = 4358E9AF1F2A0FED00DBA54E /* PBXContainerItemProxy */;
		};
/* End PBXTargetDependency section */

/* Begin PBXVariantGroup section */
		4358E9931F2A0FED00DBA54E /* Main.storyboard */ = {
			isa = PBXVariantGroup;
			children = (
				4358E9941F2A0FED00DBA54E /* Base */,
			);
			name = Main.storyboard;
			sourceTree = "<group>";
		};
		4358E99B1F2A0FED00DBA54E /* LaunchScreen.storyboard */ = {
			isa = PBXVariantGroup;
			children = (
				4358E99C1F2A0FED00DBA54E /* Base */,
			);
			name = LaunchScreen.storyboard;
			sourceTree = "<group>";
		};
/* End PBXVariantGroup section */

/* Begin XCBuildConfiguration section */
		4358E9B51F2A0FED00DBA54E /* Debug */ = {
			isa = XCBuildConfiguration;
			buildSettings = {
				ALWAYS_SEARCH_USER_PATHS = NO;
				CLANG_ANALYZER_NONNULL = YES;
				CLANG_ANALYZER_NUMBER_OBJECT_CONVERSION = YES_AGGRESSIVE;
				CLANG_CXX_LANGUAGE_STANDARD = "gnu++14";
				CLANG_CXX_LIBRARY = "libc++";
				CLANG_ENABLE_MODULES = YES;
				CLANG_ENABLE_OBJC_ARC = YES;
				CLANG_WARN_BLOCK_CAPTURE_AUTORELEASING = YES;
				CLANG_WARN_BOOL_CONVERSION = YES;
				CLANG_WARN_COMMA = YES;
				CLANG_WARN_CONSTANT_CONVERSION = YES;
				CLANG_WARN_DIRECT_OBJC_ISA_USAGE = YES_ERROR;
				CLANG_WARN_DOCUMENTATION_COMMENTS = YES;
				CLANG_WARN_EMPTY_BODY = YES;
				CLANG_WARN_ENUM_CONVERSION = YES;
				CLANG_WARN_INFINITE_RECURSION = YES;
				CLANG_WARN_INT_CONVERSION = YES;
				CLANG_WARN_OBJC_ROOT_CLASS = YES_ERROR;
				CLANG_WARN_RANGE_LOOP_ANALYSIS = YES;
				CLANG_WARN_STRICT_PROTOTYPES = YES;
				CLANG_WARN_SUSPICIOUS_MOVE = YES;
				CLANG_WARN_UNGUARDED_AVAILABILITY = YES_AGGRESSIVE;
				CLANG_WARN_UNREACHABLE_CODE = YES;
				CLANG_WARN__DUPLICATE_METHOD_MATCH = YES;
				CODE_SIGN_IDENTITY = "iPhone Developer";
				COPY_PHASE_STRIP = NO;
				DEBUG_INFORMATION_FORMAT = dwarf;
				ENABLE_STRICT_OBJC_MSGSEND = YES;
				ENABLE_TESTABILITY = YES;
				GCC_C_LANGUAGE_STANDARD = gnu11;
				GCC_DYNAMIC_NO_PIC = NO;
				GCC_NO_COMMON_BLOCKS = YES;
				GCC_OPTIMIZATION_LEVEL = 0;
				GCC_PREPROCESSOR_DEFINITIONS = (
					"DEBUG=1",
					"$(inherited)",
				);
				GCC_WARN_64_TO_32_BIT_CONVERSION = YES;
				GCC_WARN_ABOUT_RETURN_TYPE = YES_ERROR;
				GCC_WARN_UNDECLARED_SELECTOR = YES;
				GCC_WARN_UNINITIALIZED_AUTOS = YES_AGGRESSIVE;
				GCC_WARN_UNUSED_FUNCTION = YES;
				GCC_WARN_UNUSED_VARIABLE = YES;
				IPHONEOS_DEPLOYMENT_TARGET = 11.0;
				MTL_ENABLE_DEBUG_INFO = YES;
				ONLY_ACTIVE_ARCH = YES;
				SDKROOT = iphoneos;
				SWIFT_ACTIVE_COMPILATION_CONDITIONS = DEBUG;
				SWIFT_OPTIMIZATION_LEVEL = "-Onone";
			};
			name = Debug;
		};
		4358E9B61F2A0FED00DBA54E /* Release */ = {
			isa = XCBuildConfiguration;
			buildSettings = {
				ALWAYS_SEARCH_USER_PATHS = NO;
				CLANG_ANALYZER_NONNULL = YES;
				CLANG_ANALYZER_NUMBER_OBJECT_CONVERSION = YES_AGGRESSIVE;
				CLANG_CXX_LANGUAGE_STANDARD = "gnu++14";
				CLANG_CXX_LIBRARY = "libc++";
				CLANG_ENABLE_MODULES = YES;
				CLANG_ENABLE_OBJC_ARC = YES;
				CLANG_WARN_BLOCK_CAPTURE_AUTORELEASING = YES;
				CLANG_WARN_BOOL_CONVERSION = YES;
				CLANG_WARN_COMMA = YES;
				CLANG_WARN_CONSTANT_CONVERSION = YES;
				CLANG_WARN_DIRECT_OBJC_ISA_USAGE = YES_ERROR;
				CLANG_WARN_DOCUMENTATION_COMMENTS = YES;
				CLANG_WARN_EMPTY_BODY = YES;
				CLANG_WARN_ENUM_CONVERSION = YES;
				CLANG_WARN_INFINITE_RECURSION = YES;
				CLANG_WARN_INT_CONVERSION = YES;
				CLANG_WARN_OBJC_ROOT_CLASS = YES_ERROR;
				CLANG_WARN_RANGE_LOOP_ANALYSIS = YES;
				CLANG_WARN_STRICT_PROTOTYPES = YES;
				CLANG_WARN_SUSPICIOUS_MOVE = YES;
				CLANG_WARN_UNGUARDED_AVAILABILITY = YES_AGGRESSIVE;
				CLANG_WARN_UNREACHABLE_CODE = YES;
				CLANG_WARN__DUPLICATE_METHOD_MATCH = YES;
				CODE_SIGN_IDENTITY = "iPhone Developer";
				COPY_PHASE_STRIP = NO;
				DEBUG_INFORMATION_FORMAT = "dwarf-with-dsym";
				ENABLE_NS_ASSERTIONS = NO;
				ENABLE_STRICT_OBJC_MSGSEND = YES;
				GCC_C_LANGUAGE_STANDARD = gnu11;
				GCC_NO_COMMON_BLOCKS = YES;
				GCC_WARN_64_TO_32_BIT_CONVERSION = YES;
				GCC_WARN_ABOUT_RETURN_TYPE = YES_ERROR;
				GCC_WARN_UNDECLARED_SELECTOR = YES;
				GCC_WARN_UNINITIALIZED_AUTOS = YES_AGGRESSIVE;
				GCC_WARN_UNUSED_FUNCTION = YES;
				GCC_WARN_UNUSED_VARIABLE = YES;
				IPHONEOS_DEPLOYMENT_TARGET = 11.0;
				MTL_ENABLE_DEBUG_INFO = NO;
				SDKROOT = iphoneos;
				SWIFT_OPTIMIZATION_LEVEL = "-Owholemodule";
				VALIDATE_PRODUCT = YES;
			};
			name = Release;
		};
		4358E9B81F2A0FED00DBA54E /* Debug */ = {
			isa = XCBuildConfiguration;
			baseConfigurationReference = 6015787CEF6392225907B905 /* Pods-ProtocolOrientedRx.debug.xcconfig */;
			buildSettings = {
				ASSETCATALOG_COMPILER_APPICON_NAME = AppIcon;
				CODE_SIGN_STYLE = Manual;
				DEVELOPMENT_TEAM = "";
				INFOPLIST_FILE = ProtocolOrientedRx/Info.plist;
				LD_RUNPATH_SEARCH_PATHS = "$(inherited) @executable_path/Frameworks";
				PRODUCT_BUNDLE_IDENTIFIER = pl.esecode.ProtocolOrientedRx;
				PRODUCT_NAME = "$(TARGET_NAME)";
				PROVISIONING_PROFILE_SPECIFIER = "";
				SWIFT_VERSION = 4.0;
				TARGETED_DEVICE_FAMILY = "1,2";
			};
			name = Debug;
		};
		4358E9B91F2A0FED00DBA54E /* Release */ = {
			isa = XCBuildConfiguration;
			baseConfigurationReference = E7C4F5A1A7EE2A2214FC0062 /* Pods-ProtocolOrientedRx.release.xcconfig */;
			buildSettings = {
				ASSETCATALOG_COMPILER_APPICON_NAME = AppIcon;
				CODE_SIGN_STYLE = Manual;
				DEVELOPMENT_TEAM = "";
				INFOPLIST_FILE = ProtocolOrientedRx/Info.plist;
				LD_RUNPATH_SEARCH_PATHS = "$(inherited) @executable_path/Frameworks";
				PRODUCT_BUNDLE_IDENTIFIER = pl.esecode.ProtocolOrientedRx;
				PRODUCT_NAME = "$(TARGET_NAME)";
				PROVISIONING_PROFILE_SPECIFIER = "";
				SWIFT_VERSION = 4.0;
				TARGETED_DEVICE_FAMILY = "1,2";
			};
			name = Release;
		};
		4358E9BB1F2A0FED00DBA54E /* Debug */ = {
			isa = XCBuildConfiguration;
			baseConfigurationReference = 817358AA758C7D4DCEAA10DB /* Pods-ProtocolOrientedRxTests.debug.xcconfig */;
			buildSettings = {
				ALWAYS_EMBED_SWIFT_STANDARD_LIBRARIES = YES;
				BUNDLE_LOADER = "$(TEST_HOST)";
				DEVELOPMENT_TEAM = AZ8R82H4M3;
				INFOPLIST_FILE = ProtocolOrientedRxTests/Info.plist;
				LD_RUNPATH_SEARCH_PATHS = "$(inherited) @executable_path/Frameworks @loader_path/Frameworks";
				PRODUCT_BUNDLE_IDENTIFIER = pl.esecode.ProtocolOrientedRxTests;
				PRODUCT_NAME = "$(TARGET_NAME)";
				SWIFT_VERSION = 4.0;
				TARGETED_DEVICE_FAMILY = "1,2";
				TEST_HOST = "$(BUILT_PRODUCTS_DIR)/ProtocolOrientedRx.app/ProtocolOrientedRx";
			};
			name = Debug;
		};
		4358E9BC1F2A0FED00DBA54E /* Release */ = {
			isa = XCBuildConfiguration;
			baseConfigurationReference = 88218D08DBCFA2D679BAC5E0 /* Pods-ProtocolOrientedRxTests.release.xcconfig */;
			buildSettings = {
				ALWAYS_EMBED_SWIFT_STANDARD_LIBRARIES = YES;
				BUNDLE_LOADER = "$(TEST_HOST)";
				DEVELOPMENT_TEAM = AZ8R82H4M3;
				INFOPLIST_FILE = ProtocolOrientedRxTests/Info.plist;
				LD_RUNPATH_SEARCH_PATHS = "$(inherited) @executable_path/Frameworks @loader_path/Frameworks";
				PRODUCT_BUNDLE_IDENTIFIER = pl.esecode.ProtocolOrientedRxTests;
				PRODUCT_NAME = "$(TARGET_NAME)";
				SWIFT_VERSION = 4.0;
				TARGETED_DEVICE_FAMILY = "1,2";
				TEST_HOST = "$(BUILT_PRODUCTS_DIR)/ProtocolOrientedRx.app/ProtocolOrientedRx";
			};
			name = Release;
		};
		4358E9BE1F2A0FED00DBA54E /* Debug */ = {
			isa = XCBuildConfiguration;
			baseConfigurationReference = 6B4EE5927A743BBB55311624 /* Pods-ProtocolOrientedRxUITests.debug.xcconfig */;
			buildSettings = {
				ALWAYS_EMBED_SWIFT_STANDARD_LIBRARIES = YES;
				DEVELOPMENT_TEAM = AZ8R82H4M3;
				INFOPLIST_FILE = ProtocolOrientedRxUITests/Info.plist;
				LD_RUNPATH_SEARCH_PATHS = "$(inherited) @executable_path/Frameworks @loader_path/Frameworks";
				PRODUCT_BUNDLE_IDENTIFIER = pl.esecode.ProtocolOrientedRxUITests;
				PRODUCT_NAME = "$(TARGET_NAME)";
				SWIFT_VERSION = 4.0;
				TARGETED_DEVICE_FAMILY = "1,2";
				TEST_TARGET_NAME = ProtocolOrientedRx;
			};
			name = Debug;
		};
		4358E9BF1F2A0FED00DBA54E /* Release */ = {
			isa = XCBuildConfiguration;
			baseConfigurationReference = 619C07B7570C4660C9F66CD2 /* Pods-ProtocolOrientedRxUITests.release.xcconfig */;
			buildSettings = {
				ALWAYS_EMBED_SWIFT_STANDARD_LIBRARIES = YES;
				DEVELOPMENT_TEAM = AZ8R82H4M3;
				INFOPLIST_FILE = ProtocolOrientedRxUITests/Info.plist;
				LD_RUNPATH_SEARCH_PATHS = "$(inherited) @executable_path/Frameworks @loader_path/Frameworks";
				PRODUCT_BUNDLE_IDENTIFIER = pl.esecode.ProtocolOrientedRxUITests;
				PRODUCT_NAME = "$(TARGET_NAME)";
				SWIFT_VERSION = 4.0;
				TARGETED_DEVICE_FAMILY = "1,2";
				TEST_TARGET_NAME = ProtocolOrientedRx;
			};
			name = Release;
		};
/* End XCBuildConfiguration section */

/* Begin XCConfigurationList section */
		4358E9871F2A0FED00DBA54E /* Build configuration list for PBXProject "ProtocolOrientedRx" */ = {
			isa = XCConfigurationList;
			buildConfigurations = (
				4358E9B51F2A0FED00DBA54E /* Debug */,
				4358E9B61F2A0FED00DBA54E /* Release */,
			);
			defaultConfigurationIsVisible = 0;
			defaultConfigurationName = Release;
		};
		4358E9B71F2A0FED00DBA54E /* Build configuration list for PBXNativeTarget "ProtocolOrientedRx" */ = {
			isa = XCConfigurationList;
			buildConfigurations = (
				4358E9B81F2A0FED00DBA54E /* Debug */,
				4358E9B91F2A0FED00DBA54E /* Release */,
			);
			defaultConfigurationIsVisible = 0;
		};
		4358E9BA1F2A0FED00DBA54E /* Build configuration list for PBXNativeTarget "ProtocolOrientedRxTests" */ = {
			isa = XCConfigurationList;
			buildConfigurations = (
				4358E9BB1F2A0FED00DBA54E /* Debug */,
				4358E9BC1F2A0FED00DBA54E /* Release */,
			);
			defaultConfigurationIsVisible = 0;
		};
		4358E9BD1F2A0FED00DBA54E /* Build configuration list for PBXNativeTarget "ProtocolOrientedRxUITests" */ = {
			isa = XCConfigurationList;
			buildConfigurations = (
				4358E9BE1F2A0FED00DBA54E /* Debug */,
				4358E9BF1F2A0FED00DBA54E /* Release */,
			);
			defaultConfigurationIsVisible = 0;
		};
/* End XCConfigurationList section */

/* Begin XCVersionGroup section */
		4358E9961F2A0FED00DBA54E /* ProtocolOrientedRx.xcdatamodeld */ = {
			isa = XCVersionGroup;
			children = (
				4358E9971F2A0FED00DBA54E /* ProtocolOrientedRx.xcdatamodel */,
			);
			currentVersion = 4358E9971F2A0FED00DBA54E /* ProtocolOrientedRx.xcdatamodel */;
			path = ProtocolOrientedRx.xcdatamodeld;
			sourceTree = "<group>";
			versionGroupType = wrapper.xcdatamodel;
		};
/* End XCVersionGroup section */
	};
	rootObject = 4358E9841F2A0FED00DBA54E /* Project object */;
}
